<?xml version="1.0" encoding="UTF-8" standalone="yes" ?>
<CodeBlocks_project_file>
	<FileVersion major="1" minor="6" />
	<Project>
		<Option title="snake" />
		<Option pch_mode="2" />
		<Option compiler="gcc" />
		<Build>
			<Target title="Release">
				<Option output="bin/Release/snake" prefix_auto="1" extension_auto="1" />
				<Option object_output="obj/Release/" />
				<Option type="0" />
				<Option compiler="gcc" />
				<Compiler>
					<Add option="-O2" />
				</Compiler>
				<Linker>
					<Add option="-s" />
					<Add library="mingw32 -lSDLmain -lSDL" />
				</Linker>
			</Target>
		</Build>
		<Compiler>
			<Add option="-Wall" />
			<Add directory="C:/Program Files (x86)/CodeBlocks/MinGW/include" />
		</Compiler>
		<Linker>
			<Add library="mingw32" />
			<Add library="SDLmain" />
			<Add library="SDL.dll" />
			<Add library="user32" />
			<Add library="gdi32" />
			<Add library="winmm" />
			<Add library="dxguid" />
			<Add directory="C:/Program Files (x86)/CodeBlocks/MinGW/lib" />
		</Linker>
		<Unit filename="src/element.c">
			<Option compilerVar="CC" />
		</Unit>
		<Unit filename="src/element.h" />
		<Unit filename="src/jeu.c">
			<Option compilerVar="CC" />
		</Unit>
		<Unit filename="src/jeu.h" />
		<Unit filename="src/main.c">
			<Option compilerVar="CC" />
		</Unit>
		<Unit filename="src/personnage.c">
			<Option compilerVar="CC" />
		</Unit>
		<Unit filename="src/personnage.h" />
		<Unit filename="src/salle.c">
			<Option compilerVar="CC" />
		</Unit>
		<Unit filename="src/salle.h" />
		<Unit filename="src/sdlJeu.c">
			<Option compilerVar="CC" />
		</Unit>
		<Unit filename="src/sdlJeu.h" />
		<Unit filename="src/serpent.c">
			<Option compilerVar="CC" />
		</Unit>
		<Unit filename="src/serpent.h" />
		<Unit filename="src/temple.c">
			<Option compilerVar="CC" />
		</Unit>
		<Unit filename="src/temple.h" />
		<Unit filename="src/terrain.c">
			<Option compilerVar="CC" />
		</Unit>
		<Unit filename="src/terrain.h" />
		<Unit filename="src/tresor.c">
			<Option compilerVar="CC" />
		</Unit>
		<Unit filename="src/tresor.h" />
		<Extensions>
			<code_completion />
			<envvars />
			<debugger />
			<lib_finder disable_auto="1" />
		</Extensions>
	</Project>
</CodeBlocks_project_file>
